{
  "version": 4,
  "terraform_version": "1.9.8",
  "serial": 258,
  "lineage": "8e12a3a9-ba76-f724-3a04-712a69f95156",
  "outputs": {},
  "resources": [
    {
      "mode": "managed",
      "type": "proxmox_virtual_environment_file",
      "name": "cloud_config-alfamart",
      "provider": "provider[\"registry.terraform.io/bpg/proxmox\"]",
      "instances": [
        {
          "schema_version": 0,
          "attributes": {
            "content_type": "snippets",
            "datastore_id": "local",
            "file_mode": null,
            "file_modification_date": null,
            "file_name": "cloud-config-alfamart-D05.yaml",
            "file_size": null,
            "file_tag": null,
            "id": "local:snippets/cloud-config-alfamart-D05.yaml",
            "node_name": "its",
            "overwrite": true,
            "source_file": [],
            "source_raw": [
              {
                "data": "#cloud-config\r\ngroups:\r\n  - admingroup: [root, sys]\r\n  - cloud-users\r\nusers:\r\n  - default\r\n  - name: ukashitam\r\n    plain_text_passwd: hitamlegam\r\n    groups: sudo\r\n    shell: /bin/bash\r\n    lock_passwd: false\r\n    sudo: ['ALL=(ALL) NOPASSWD:ALL']\r\nruncmd:\r\n  - sysctl -w net.ipv4.ip_forward=1\r\n  - echo 'net.ipv4.ip_forward=1' \u003e\u003e /etc/sysctl.conf\r\n  - apt update\r\n  - apt install -y netplan.io net-tools qemu-guest-agent\r\n  - netplan apply\r\n  - ip link set eth0 up \r\n  - ip link set eth1 up \r\n  - ip link set eth2 up \r\n  - 192.168.5.8/30 via 192.168.5.6  \r\n  - 192.168.5.12/30 via 192.168.5.6  \r\n  - 192.168.5.16/30 via 192.168.5.6 \r\n  - 192.168.5.32/29 via 192.168.5.6  \r\n  - 192.168.5.40/29 via 192.168.5.6  \r\n  - 192.168.5.48/29 via 192.168.5.6 \r\n  - echo \"Initialization complete\" \u003e /tmp/init_done\r\n",
                "file_name": "cloud-config-alfamart-D05.yaml",
                "resize": 0
              }
            ],
            "timeout_upload": 1800
          },
          "sensitive_attributes": [],
          "private": "bnVsbA=="
        }
      ]
    },
    {
      "mode": "managed",
      "type": "proxmox_virtual_environment_file",
      "name": "cloud_config-family-mart",
      "provider": "provider[\"registry.terraform.io/bpg/proxmox\"]",
      "instances": [
        {
          "schema_version": 0,
          "attributes": {
            "content_type": "snippets",
            "datastore_id": "local",
            "file_mode": null,
            "file_modification_date": null,
            "file_name": "cloud-config-family-mart-D05.yaml",
            "file_size": null,
            "file_tag": null,
            "id": "local:snippets/cloud-config-family-mart-D05.yaml",
            "node_name": "its",
            "overwrite": true,
            "source_file": [],
            "source_raw": [
              {
                "data": "#cloud-config\r\ngroups:\r\n  - admingroup: [root, sys]\r\n  - cloud-users\r\nusers:\r\n  - default\r\n  - name: ukashitam\r\n    plain_text_passwd: hitamlegam\r\n    groups: sudo\r\n    shell: /bin/bash\r\n    lock_passwd: false\r\n    sudo: ['ALL=(ALL) NOPASSWD:ALL']\r\nruncmd:\r\n  - sysctl -w net.ipv4.ip_forward=1\r\n  - echo 'net.ipv4.ip_forward=1' \u003e\u003e /etc/sysctl.conf\r\n  - apt update\r\n  - apt install -y netplan.io net-tools qemu-guest-agent\r\n  - netplan apply\r\n  - ip link set eth0 up \r\n  - ip link set eth1 up \r\n  - ip link set eth2 up \r\n  - 192.168.5.0/30 via 192.168.5.9 \r\n  - 192.168.5.4/30 via 192.168.5.9 \r\n  - 192.168.5.24/29 via 192.168.5.9 \r\n  - 192.168.5.16/30 via 192.168.5.14 \r\n  - 192.168.5.32/29 via 192.168.5.14 \r\n  - 192.168.5.40/29 via 192.168.5.14 \r\n  - 192.168.5.48/29 via 192.168.5.14 \r\n  - echo \"Initialization complete\" \u003e /tmp/init_done\r\n",
                "file_name": "cloud-config-family-mart-D05.yaml",
                "resize": 0
              }
            ],
            "timeout_upload": 1800
          },
          "sensitive_attributes": [],
          "private": "bnVsbA=="
        }
      ]
    },
    {
      "mode": "managed",
      "type": "proxmox_virtual_environment_file",
      "name": "cloud_config-indomaret",
      "provider": "provider[\"registry.terraform.io/bpg/proxmox\"]",
      "instances": [
        {
          "schema_version": 0,
          "attributes": {
            "content_type": "snippets",
            "datastore_id": "local",
            "file_mode": null,
            "file_modification_date": null,
            "file_name": "cloud-config-indomaret-D05.yaml",
            "file_size": null,
            "file_tag": null,
            "id": "local:snippets/cloud-config-indomaret-D05.yaml",
            "node_name": "its",
            "overwrite": true,
            "source_file": [],
            "source_raw": [
              {
                "data": "#cloud-config\r\ngroups:\r\n  - admingroup: [root, sys]\r\n  - cloud-users\r\nusers:\r\n  - default\r\n  - name: ukashitam\r\n    plain_text_passwd: hitamlegam\r\n    groups: sudo\r\n    shell: /bin/bash\r\n    lock_passwd: false\r\n    sudo: ['ALL=(ALL) NOPASSWD:ALL']\r\nruncmd:\r\n  - sysctl -w net.ipv4.ip_forward=1\r\n  - echo 'net.ipv4.ip_forward=1' \u003e\u003e /etc/sysctl.conf\r\n  - apt update\r\n  - apt install -y netplan.io net-tools qemu-guest-agent\r\n  - netplan apply\r\n  - ip link set eth0 up \r\n  - ip link set eth1 up \r\n  - 192.168.5.0/30 via 192.168.5.5 \r\n  - 192.168.5.24/29 via 192.168.5.5 \r\n  - 192.168.5.12/30 via 192.168.5.10 \r\n  - 192.168.5.16/30 via 192.168.5.10 \r\n  - 192.168.5.32/29 via 192.168.5.10 \r\n  - 192.168.5.40/29 via 192.168.5.10 \r\n  - 192.168.5.48/29 via 192.168.5.10  \r\n  - echo \"Initialization complete\" \u003e /tmp/init_done\r\n",
                "file_name": "cloud-config-indomaret-D05.yaml",
                "resize": 0
              }
            ],
            "timeout_upload": 1800
          },
          "sensitive_attributes": [],
          "private": "bnVsbA=="
        }
      ]
    },
    {
      "mode": "managed",
      "type": "proxmox_virtual_environment_file",
      "name": "cloud_config-its-mart",
      "provider": "provider[\"registry.terraform.io/bpg/proxmox\"]",
      "instances": [
        {
          "schema_version": 0,
          "attributes": {
            "content_type": "snippets",
            "datastore_id": "local",
            "file_mode": null,
            "file_modification_date": null,
            "file_name": "cloud-config-its-mart-D05.yaml",
            "file_size": null,
            "file_tag": null,
            "id": "local:snippets/cloud-config-its-mart-D05.yaml",
            "node_name": "its",
            "overwrite": true,
            "source_file": [],
            "source_raw": [
              {
                "data": "#cloud-config\r\ngroups:\r\n  - admingroup: [root, sys]\r\n  - cloud-users\r\nusers:\r\n  - default\r\n  - name: ukashitam\r\n    plain_text_passwd: hitamlegam\r\n    groups: sudo\r\n    shell: /bin/bash\r\n    lock_passwd: false\r\n    sudo: ['ALL=(ALL) NOPASSWD:ALL']\r\nruncmd:\r\n  - sysctl -w net.ipv4.ip_forward=1\r\n  - echo 'net.ipv4.ip_forward=1' \u003e\u003e /etc/sysctl.conf\r\n  - apt update\r\n  - apt install -y netplan.io net-tools qemu-guest-agent\r\n  - netplan apply\r\n  - ip link set eth0 up\r\n  - ip link set eth1 up\r\n  - 192.168.5.0/30 via 192.168.5.41\r\n  - 192.168.5.4/30 via 192.168.5.41\r\n  - 192.168.5.8/30 via 192.168.5.41\r\n  - 192.168.5.12/30 via 192.168.5.41\r\n  - 192.168.5.16/30 via 192.168.5.41\r\n  - 192.168.5.24/29 via 192.168.5.41\r\n  - 192.168.5.32/29 via 192.168.5.41 \r\n  - echo \"Initialization complete\" \u003e /tmp/init_done\r\n",
                "file_name": "cloud-config-its-mart-D05.yaml",
                "resize": 0
              }
            ],
            "timeout_upload": 1800
          },
          "sensitive_attributes": [],
          "private": "bnVsbA=="
        }
      ]
    },
    {
      "mode": "managed",
      "type": "proxmox_virtual_environment_file",
      "name": "cloud_config-sakinah",
      "provider": "provider[\"registry.terraform.io/bpg/proxmox\"]",
      "instances": [
        {
          "schema_version": 0,
          "attributes": {
            "content_type": "snippets",
            "datastore_id": "local",
            "file_mode": null,
            "file_modification_date": null,
            "file_name": "cloud-config-sakinah-D05.yaml",
            "file_size": null,
            "file_tag": null,
            "id": "local:snippets/cloud-config-sakinah-D05.yaml",
            "node_name": "its",
            "overwrite": true,
            "source_file": [],
            "source_raw": [
              {
                "data": "#cloud-config\r\ngroups:\r\n  - admingroup: [root, sys]\r\n  - cloud-users\r\nusers:\r\n  - default\r\n  - name: ukashitam\r\n    plain_text_passwd: hitamlegam\r\n    groups: sudo\r\n    shell: /bin/bash\r\n    lock_passwd: false\r\n    sudo: ['ALL=(ALL) NOPASSWD:ALL']\r\nruncmd:\r\n  - sysctl -w net.ipv4.ip_forward=1\r\n  - echo 'net.ipv4.ip_forward=1' \u003e\u003e /etc/sysctl.conf\r\n  - apt update\r\n  - apt install -y netplan.io net-tools qemu-guest-agent\r\n  - netplan apply\r\n  - ip link set eth0 up\r\n  - ip link set eth1 up\r\n  - 192.168.5.0/30 via 192.168.5.17\r\n  - 192.168.5.4/30 via 192.168.5.17\r\n  - 192.168.5.8/30 via 192.168.5.17\r\n  - 192.168.5.12/30 via 192.168.5.17\r\n  - 192.168.5.24/29 via 192.168.5.17\r\n  - 192.168.5.40/29 via 192.168.5.17\r\n  - 192.168.5.48/29 via 192.168.5.17\r\n  - echo \"Initialization complete\" \u003e /tmp/init_done\r\n",
                "file_name": "cloud-config-sakinah-D05.yaml",
                "resize": 0
              }
            ],
            "timeout_upload": 1800
          },
          "sensitive_attributes": [],
          "private": "bnVsbA=="
        }
      ]
    },
    {
      "mode": "managed",
      "type": "proxmox_virtual_environment_file",
      "name": "cloud_config-superindo",
      "provider": "provider[\"registry.terraform.io/bpg/proxmox\"]",
      "instances": [
        {
          "schema_version": 0,
          "attributes": {
            "content_type": "snippets",
            "datastore_id": "local",
            "file_mode": null,
            "file_modification_date": null,
            "file_name": "cloud-config-superindo-D05.yaml",
            "file_size": null,
            "file_tag": null,
            "id": "local:snippets/cloud-config-superindo-D05.yaml",
            "node_name": "its",
            "overwrite": true,
            "source_file": [],
            "source_raw": [
              {
                "data": "#cloud-config\r\ngroups:\r\n  - admingroup: [root, sys]\r\n  - cloud-users\r\nusers:\r\n  - default\r\n  - name: ukashitam\r\n    plain_text_passwd: hitamlegam\r\n    groups: sudo\r\n    shell: /bin/bash\r\n    lock_passwd: false\r\n    sudo: ['ALL=(ALL) NOPASSWD:ALL']\r\nruncmd:\r\n  - sysctl -w net.ipv4.ip_forward=1\r\n  - echo 'net.ipv4.ip_forward=1' \u003e\u003e /etc/sysctl.conf\r\n  - apt update\r\n  - apt install -y netplan.io net-tools qemu-guest-agent\r\n  - netplan apply\r\n  - ip link set eth0 up \r\n  - ip link set eth1 up \r\n  - ip link set eth2 up \r\n  - 192.168.5.0/30 via 192.168.5.13 \r\n  - 192.168.5.4/30 via 192.168.5.13 \r\n  - 192.168.5.8/30 via 192.168.5.13 \r\n  - 192.168.5.24/29 via 192.168.5.13 \r\n  - 192.168.5.32/29 via 192.168.5.18 \r\n  - 192.168.5.40/29 via 192.168.5.21 \r\n  - 192.168.5.48/29 via 192.168.5.21\r\n  - echo \"Initialization complete\" \u003e /tmp/init_done\r\n",
                "file_name": "cloud-config-superindo-D05.yaml",
                "resize": 0
              }
            ],
            "timeout_upload": 1800
          },
          "sensitive_attributes": [],
          "private": "bnVsbA=="
        }
      ]
    },
    {
      "mode": "managed",
      "type": "proxmox_virtual_environment_vm",
      "name": "geprek-D05",
      "provider": "provider[\"registry.terraform.io/bpg/proxmox\"]",
      "instances": [
        {
          "schema_version": 0,
          "attributes": {
            "acpi": true,
            "agent": [
              {
                "enabled": false,
                "timeout": "15m",
                "trim": false,
                "type": "virtio"
              }
            ],
            "audio_device": [],
            "bios": "seabios",
            "boot_order": null,
            "cdrom": [],
            "clone": [
              {
                "datastore_id": "local-lvm",
                "full": true,
                "node_name": "its",
                "retries": 1,
                "vm_id": 5555
              }
            ],
            "cpu": [
              {
                "affinity": "",
                "architecture": "",
                "cores": 1,
                "flags": null,
                "hotplugged": 0,
                "limit": 0,
                "numa": false,
                "sockets": 1,
                "type": "x86-64-v2-AES",
                "units": 1024
              }
            ],
            "description": null,
            "disk": [
              {
                "aio": "io_uring",
                "backup": true,
                "cache": "none",
                "datastore_id": "local-lvm",
                "discard": "ignore",
                "file_format": "raw",
                "file_id": "local:iso/focal-server-cloudimg-amd64.img",
                "interface": "virtio0",
                "iothread": true,
                "path_in_datastore": "vm-257-disk-0",
                "replicate": true,
                "serial": "",
                "size": 3,
                "speed": [],
                "ssd": false
              }
            ],
            "efi_disk": [],
            "hook_script_file_id": null,
            "hostpci": [],
            "id": "257",
            "initialization": [
              {
                "datastore_id": "local-lvm",
                "dns": [],
                "interface": "ide2",
                "ip_config": [
                  {
                    "ipv4": [
                      {
                        "address": "192.168.5.27/29",
                        "gateway": "192.168.5.25"
                      }
                    ],
                    "ipv6": []
                  }
                ],
                "meta_data_file_id": "",
                "network_data_file_id": "",
                "type": "",
                "upgrade": false,
                "user_account": [
                  {
                    "keys": null,
                    "password": "**********",
                    "username": "ukashitam"
                  }
                ],
                "user_data_file_id": "",
                "vendor_data_file_id": ""
              }
            ],
            "ipv4_addresses": [],
            "ipv6_addresses": [],
            "keyboard_layout": "en-us",
            "kvm_arguments": null,
            "mac_addresses": [
              "BC:24:11:0E:95:07"
            ],
            "machine": null,
            "memory": [
              {
                "dedicated": 1024,
                "floating": 1024,
                "hugepages": "",
                "keep_hugepages": false,
                "shared": 0
              }
            ],
            "migrate": false,
            "name": "geprek-D05",
            "network_device": [
              {
                "bridge": "vmbr0",
                "disconnected": false,
                "enabled": true,
                "firewall": false,
                "mac_address": "BC:24:11:0E:95:07",
                "model": "virtio",
                "mtu": 0,
                "queues": 0,
                "rate_limit": 0,
                "trunks": "",
                "vlan_id": 0
              }
            ],
            "network_interface_names": [],
            "node_name": "its",
            "numa": [],
            "on_boot": true,
            "operating_system": [],
            "pool_id": null,
            "protection": false,
            "reboot": false,
            "scsi_hardware": "virtio-scsi-single",
            "serial_device": [],
            "smbios": [],
            "started": true,
            "startup": [],
            "stop_on_destroy": true,
            "tablet_device": true,
            "tags": null,
            "template": false,
            "timeout_clone": 1800,
            "timeout_create": 1800,
            "timeout_migrate": 1800,
            "timeout_move_disk": 1800,
            "timeout_reboot": 1800,
            "timeout_shutdown_vm": 1800,
            "timeout_start_vm": 1800,
            "timeout_stop_vm": 300,
            "tpm_state": [],
            "usb": [],
            "vga": [],
            "vm_id": 257,
            "watchdog": []
          },
          "sensitive_attributes": [
            [
              {
                "type": "get_attr",
                "value": "initialization"
              },
              {
                "type": "index",
                "value": {
                  "value": 0,
                  "type": "number"
                }
              },
              {
                "type": "get_attr",
                "value": "user_account"
              },
              {
                "type": "index",
                "value": {
                  "value": 0,
                  "type": "number"
                }
              },
              {
                "type": "get_attr",
                "value": "password"
              }
            ]
          ],
          "private": "bnVsbA=="
        }
      ]
    }
  ],
  "check_results": null
}
